// !$*UTF8*$!
{
	archiveVersion = 1;
	classes = {
	};
	objectVersion = 55;
	objects = {

/* Begin PBXBuildFile section */
		234B619E28396976001CF528 /* TomorrowTableViewCell.swift in Sources */ = {isa = PBXBuildFile; fileRef = 234B619C28396976001CF528 /* TomorrowTableViewCell.swift */; };
		234B619F28396976001CF528 /* TomorrowTableViewCell.xib in Resources */ = {isa = PBXBuildFile; fileRef = 234B619D28396976001CF528 /* TomorrowTableViewCell.xib */; };
		234B61A328396C34001CF528 /* TomorrowDataModel.swift in Sources */ = {isa = PBXBuildFile; fileRef = 234B61A228396C34001CF528 /* TomorrowDataModel.swift */; };
		23AB215828398E4F006045D7 /* EmptyTableViewCell.swift in Sources */ = {isa = PBXBuildFile; fileRef = 23AB215628398E4F006045D7 /* EmptyTableViewCell.swift */; };
		23AB215928398E4F006045D7 /* EmptyTableViewCell.xib in Resources */ = {isa = PBXBuildFile; fileRef = 23AB215728398E4F006045D7 /* EmptyTableViewCell.xib */; };
		23DB279628395E450028308F /* Tomorrow.storyboard in Resources */ = {isa = PBXBuildFile; fileRef = 23DB279528395E450028308F /* Tomorrow.storyboard */; };
		23DB279828395E510028308F /* TomorrowViewController.swift in Sources */ = {isa = PBXBuildFile; fileRef = 23DB279728395E510028308F /* TomorrowViewController.swift */; };
		7546C79E065A267D3C1F7EC1 /* Pods_ming.framework in Frameworks */ = {isa = PBXBuildFile; fileRef = E3EB98FCC8886FF0B47FA919 /* Pods_ming.framework */; };
		B5A3FF5928396C6A00252DE0 /* CheckView.swift in Sources */ = {isa = PBXBuildFile; fileRef = B5A3FF5828396C6A00252DE0 /* CheckView.swift */; };
		B5A3FF5B2839773800252DE0 /* check.storyboard in Resources */ = {isa = PBXBuildFile; fileRef = B5A3FF5A2839773800252DE0 /* check.storyboard */; };
		DD2426DD28390D0F00C160FF /* AppDelegate.swift in Sources */ = {isa = PBXBuildFile; fileRef = DD2426DC28390D0F00C160FF /* AppDelegate.swift */; };
		DD2426DF28390D0F00C160FF /* SceneDelegate.swift in Sources */ = {isa = PBXBuildFile; fileRef = DD2426DE28390D0F00C160FF /* SceneDelegate.swift */; };
		DD2426E128390D0F00C160FF /* ViewController.swift in Sources */ = {isa = PBXBuildFile; fileRef = DD2426E028390D0F00C160FF /* ViewController.swift */; };
		DD2426E428390D0F00C160FF /* Main.storyboard in Resources */ = {isa = PBXBuildFile; fileRef = DD2426E228390D0F00C160FF /* Main.storyboard */; };
		DD2426E628390D1100C160FF /* Assets.xcassets in Resources */ = {isa = PBXBuildFile; fileRef = DD2426E528390D1100C160FF /* Assets.xcassets */; };
		DD2426E928390D1100C160FF /* LaunchScreen.storyboard in Resources */ = {isa = PBXBuildFile; fileRef = DD2426E728390D1100C160FF /* LaunchScreen.storyboard */; };
		DD2426F82839117600C160FF /* UIButton+.swift in Sources */ = {isa = PBXBuildFile; fileRef = DD2426F72839117600C160FF /* UIButton+.swift */; };
		DD2426FB283911D900C160FF /* UITableView+Reusable.swift in Sources */ = {isa = PBXBuildFile; fileRef = DD2426FA283911D900C160FF /* UITableView+Reusable.swift */; };
		DD2426FD283911E400C160FF /* Reusable.swift in Sources */ = {isa = PBXBuildFile; fileRef = DD2426FC283911E400C160FF /* Reusable.swift */; };
		DD2426FF283911FE00C160FF /* UICollectionView+Reusable.swift in Sources */ = {isa = PBXBuildFile; fileRef = DD2426FE283911FE00C160FF /* UICollectionView+Reusable.swift */; };
		DD2427012839127100C160FF /* Image.swift in Sources */ = {isa = PBXBuildFile; fileRef = DD2427002839127100C160FF /* Image.swift */; };
		DD242703283912F100C160FF /* Color.swift in Sources */ = {isa = PBXBuildFile; fileRef = DD242702283912F100C160FF /* Color.swift */; };
		DD2427052839134F00C160FF /* Color.xcassets in Resources */ = {isa = PBXBuildFile; fileRef = DD2427042839134F00C160FF /* Color.xcassets */; };
		DD242709283913A000C160FF /* UIView+.swift in Sources */ = {isa = PBXBuildFile; fileRef = DD242708283913A000C160FF /* UIView+.swift */; };
		DD24270B283913B600C160FF /* UIStackView+.swift in Sources */ = {isa = PBXBuildFile; fileRef = DD24270A283913B600C160FF /* UIStackView+.swift */; };
		DD2427102839228C00C160FF /* NetworkResult.swift in Sources */ = {isa = PBXBuildFile; fileRef = DD24270F2839228C00C160FF /* NetworkResult.swift */; };
		DD242714283922BC00C160FF /* MingService.swift in Sources */ = {isa = PBXBuildFile; fileRef = DD242713283922BC00C160FF /* MingService.swift */; };
		DD2427162839230D00C160FF /* URLConstant.swift in Sources */ = {isa = PBXBuildFile; fileRef = DD2427152839230D00C160FF /* URLConstant.swift */; };
		DD24271E28395AC900C160FF /* BaseNavigationController.swift in Sources */ = {isa = PBXBuildFile; fileRef = DD24271D28395AC900C160FF /* BaseNavigationController.swift */; };
		DD24272028395ADC00C160FF /* UIImage+.swift in Sources */ = {isa = PBXBuildFile; fileRef = DD24271F28395ADC00C160FF /* UIImage+.swift */; };
		DD2427232839720800C160FF /* HistoryViewController.swift in Sources */ = {isa = PBXBuildFile; fileRef = DD2427222839720800C160FF /* HistoryViewController.swift */; };
		DD24272528397F5D00C160FF /* History.swift in Sources */ = {isa = PBXBuildFile; fileRef = DD24272428397F5D00C160FF /* History.swift */; };
		DD24272728397F8100C160FF /* HistoryTableViewCell.swift in Sources */ = {isa = PBXBuildFile; fileRef = DD24272628397F8100C160FF /* HistoryTableViewCell.swift */; };
		DD24272A2839807E00C160FF /* SuccessView.swift in Sources */ = {isa = PBXBuildFile; fileRef = DD2427292839807E00C160FF /* SuccessView.swift */; };
		DD24272C28398B6800C160FF /* MentionView.swift in Sources */ = {isa = PBXBuildFile; fileRef = DD24272B28398B6800C160FF /* MentionView.swift */; };
/* End PBXBuildFile section */

/* Begin PBXFileReference section */
		04954FD6131C501B8EE219BB /* Pods-ming.release.xcconfig */ = {isa = PBXFileReference; includeInIndex = 1; lastKnownFileType = text.xcconfig; name = "Pods-ming.release.xcconfig"; path = "Target Support Files/Pods-ming/Pods-ming.release.xcconfig"; sourceTree = "<group>"; };
		234B619C28396976001CF528 /* TomorrowTableViewCell.swift */ = {isa = PBXFileReference; lastKnownFileType = sourcecode.swift; path = TomorrowTableViewCell.swift; sourceTree = "<group>"; };
		234B619D28396976001CF528 /* TomorrowTableViewCell.xib */ = {isa = PBXFileReference; lastKnownFileType = file.xib; path = TomorrowTableViewCell.xib; sourceTree = "<group>"; };
		234B61A228396C34001CF528 /* TomorrowDataModel.swift */ = {isa = PBXFileReference; lastKnownFileType = sourcecode.swift; path = TomorrowDataModel.swift; sourceTree = "<group>"; };
		23AB215628398E4F006045D7 /* EmptyTableViewCell.swift */ = {isa = PBXFileReference; lastKnownFileType = sourcecode.swift; path = EmptyTableViewCell.swift; sourceTree = "<group>"; };
		23AB215728398E4F006045D7 /* EmptyTableViewCell.xib */ = {isa = PBXFileReference; lastKnownFileType = file.xib; path = EmptyTableViewCell.xib; sourceTree = "<group>"; };
		23DB279528395E450028308F /* Tomorrow.storyboard */ = {isa = PBXFileReference; lastKnownFileType = file.storyboard; path = Tomorrow.storyboard; sourceTree = "<group>"; };
		23DB279728395E510028308F /* TomorrowViewController.swift */ = {isa = PBXFileReference; lastKnownFileType = sourcecode.swift; path = TomorrowViewController.swift; sourceTree = "<group>"; };
		46EF0EF93EFF32ECC69243B1 /* Pods-ming.debug.xcconfig */ = {isa = PBXFileReference; includeInIndex = 1; lastKnownFileType = text.xcconfig; name = "Pods-ming.debug.xcconfig"; path = "Target Support Files/Pods-ming/Pods-ming.debug.xcconfig"; sourceTree = "<group>"; };
		B5A3FF5828396C6A00252DE0 /* CheckView.swift */ = {isa = PBXFileReference; lastKnownFileType = sourcecode.swift; path = CheckView.swift; sourceTree = "<group>"; };
		B5A3FF5A2839773800252DE0 /* check.storyboard */ = {isa = PBXFileReference; lastKnownFileType = file.storyboard; path = check.storyboard; sourceTree = "<group>"; };
		DD2426D928390D0F00C160FF /* ming.app */ = {isa = PBXFileReference; explicitFileType = wrapper.application; includeInIndex = 0; path = ming.app; sourceTree = BUILT_PRODUCTS_DIR; };
		DD2426DC28390D0F00C160FF /* AppDelegate.swift */ = {isa = PBXFileReference; lastKnownFileType = sourcecode.swift; path = AppDelegate.swift; sourceTree = "<group>"; };
		DD2426DE28390D0F00C160FF /* SceneDelegate.swift */ = {isa = PBXFileReference; lastKnownFileType = sourcecode.swift; path = SceneDelegate.swift; sourceTree = "<group>"; };
		DD2426E028390D0F00C160FF /* ViewController.swift */ = {isa = PBXFileReference; lastKnownFileType = sourcecode.swift; path = ViewController.swift; sourceTree = "<group>"; };
		DD2426E328390D0F00C160FF /* Base */ = {isa = PBXFileReference; lastKnownFileType = file.storyboard; name = Base; path = Base.lproj/Main.storyboard; sourceTree = "<group>"; };
		DD2426E528390D1100C160FF /* Assets.xcassets */ = {isa = PBXFileReference; lastKnownFileType = folder.assetcatalog; path = Assets.xcassets; sourceTree = "<group>"; };
		DD2426E828390D1100C160FF /* Base */ = {isa = PBXFileReference; lastKnownFileType = file.storyboard; name = Base; path = Base.lproj/LaunchScreen.storyboard; sourceTree = "<group>"; };
		DD2426EA28390D1100C160FF /* Info.plist */ = {isa = PBXFileReference; lastKnownFileType = text.plist.xml; path = Info.plist; sourceTree = "<group>"; };
		DD2426F72839117600C160FF /* UIButton+.swift */ = {isa = PBXFileReference; lastKnownFileType = sourcecode.swift; path = "UIButton+.swift"; sourceTree = "<group>"; };
		DD2426FA283911D900C160FF /* UITableView+Reusable.swift */ = {isa = PBXFileReference; lastKnownFileType = sourcecode.swift; path = "UITableView+Reusable.swift"; sourceTree = "<group>"; };
		DD2426FC283911E400C160FF /* Reusable.swift */ = {isa = PBXFileReference; lastKnownFileType = sourcecode.swift; path = Reusable.swift; sourceTree = "<group>"; };
		DD2426FE283911FE00C160FF /* UICollectionView+Reusable.swift */ = {isa = PBXFileReference; lastKnownFileType = sourcecode.swift; path = "UICollectionView+Reusable.swift"; sourceTree = "<group>"; };
		DD2427002839127100C160FF /* Image.swift */ = {isa = PBXFileReference; lastKnownFileType = sourcecode.swift; path = Image.swift; sourceTree = "<group>"; };
		DD242702283912F100C160FF /* Color.swift */ = {isa = PBXFileReference; lastKnownFileType = sourcecode.swift; path = Color.swift; sourceTree = "<group>"; };
		DD2427042839134F00C160FF /* Color.xcassets */ = {isa = PBXFileReference; lastKnownFileType = folder.assetcatalog; path = Color.xcassets; sourceTree = "<group>"; };
		DD242708283913A000C160FF /* UIView+.swift */ = {isa = PBXFileReference; lastKnownFileType = sourcecode.swift; path = "UIView+.swift"; sourceTree = "<group>"; };
		DD24270A283913B600C160FF /* UIStackView+.swift */ = {isa = PBXFileReference; lastKnownFileType = sourcecode.swift; path = "UIStackView+.swift"; sourceTree = "<group>"; };
		DD24270F2839228C00C160FF /* NetworkResult.swift */ = {isa = PBXFileReference; lastKnownFileType = sourcecode.swift; path = NetworkResult.swift; sourceTree = "<group>"; };
		DD242713283922BC00C160FF /* MingService.swift */ = {isa = PBXFileReference; lastKnownFileType = sourcecode.swift; path = MingService.swift; sourceTree = "<group>"; };
		DD2427152839230D00C160FF /* URLConstant.swift */ = {isa = PBXFileReference; lastKnownFileType = sourcecode.swift; path = URLConstant.swift; sourceTree = "<group>"; };
		DD24271D28395AC900C160FF /* BaseNavigationController.swift */ = {isa = PBXFileReference; lastKnownFileType = sourcecode.swift; path = BaseNavigationController.swift; sourceTree = "<group>"; };
		DD24271F28395ADC00C160FF /* UIImage+.swift */ = {isa = PBXFileReference; lastKnownFileType = sourcecode.swift; path = "UIImage+.swift"; sourceTree = "<group>"; };
		DD2427222839720800C160FF /* HistoryViewController.swift */ = {isa = PBXFileReference; lastKnownFileType = sourcecode.swift; path = HistoryViewController.swift; sourceTree = "<group>"; };
		DD24272428397F5D00C160FF /* History.swift */ = {isa = PBXFileReference; lastKnownFileType = sourcecode.swift; path = History.swift; sourceTree = "<group>"; };
		DD24272628397F8100C160FF /* HistoryTableViewCell.swift */ = {isa = PBXFileReference; lastKnownFileType = sourcecode.swift; path = HistoryTableViewCell.swift; sourceTree = "<group>"; };
		DD2427292839807E00C160FF /* SuccessView.swift */ = {isa = PBXFileReference; lastKnownFileType = sourcecode.swift; path = SuccessView.swift; sourceTree = "<group>"; };
		DD24272B28398B6800C160FF /* MentionView.swift */ = {isa = PBXFileReference; lastKnownFileType = sourcecode.swift; path = MentionView.swift; sourceTree = "<group>"; };
		E3EB98FCC8886FF0B47FA919 /* Pods_ming.framework */ = {isa = PBXFileReference; explicitFileType = wrapper.framework; includeInIndex = 0; path = Pods_ming.framework; sourceTree = BUILT_PRODUCTS_DIR; };
/* End PBXFileReference section */

/* Begin PBXFrameworksBuildPhase section */
		DD2426D628390D0F00C160FF /* Frameworks */ = {
			isa = PBXFrameworksBuildPhase;
			buildActionMask = 2147483647;
			files = (
				7546C79E065A267D3C1F7EC1 /* Pods_ming.framework in Frameworks */,
			);
			runOnlyForDeploymentPostprocessing = 0;
		};
/* End PBXFrameworksBuildPhase section */

/* Begin PBXGroup section */
		234B619B28396958001CF528 /* Cell */ = {
			isa = PBXGroup;
			children = (
				234B619C28396976001CF528 /* TomorrowTableViewCell.swift */,
				234B619D28396976001CF528 /* TomorrowTableViewCell.xib */,
				234B61A228396C34001CF528 /* TomorrowDataModel.swift */,
				23AB215628398E4F006045D7 /* EmptyTableViewCell.swift */,
				23AB215728398E4F006045D7 /* EmptyTableViewCell.xib */,
			);
			path = Cell;
			sourceTree = "<group>";
		};
		23DB279428395E2B0028308F /* Tomorrow */ = {
			isa = PBXGroup;
			children = (
				234B619B28396958001CF528 /* Cell */,
				23DB279528395E450028308F /* Tomorrow.storyboard */,
				23DB279728395E510028308F /* TomorrowViewController.swift */,
			);
			path = Tomorrow;
			sourceTree = "<group>";
		};
		26B69B77FCBBA56981CB3F74 /* Frameworks */ = {
			isa = PBXGroup;
			children = (
				E3EB98FCC8886FF0B47FA919 /* Pods_ming.framework */,
			);
			name = Frameworks;
			sourceTree = "<group>";
		};
		B5A3FF5128396BCC00252DE0 /* Xib */ = {
			isa = PBXGroup;
			children = (
				B5A3FF5828396C6A00252DE0 /* CheckView.swift */,
				B5A3FF5A2839773800252DE0 /* check.storyboard */,
			);
			path = Xib;
			sourceTree = "<group>";
		};
		DD2426D028390D0F00C160FF = {
			isa = PBXGroup;
			children = (
				DD2426DB28390D0F00C160FF /* ming */,
				DD2426DA28390D0F00C160FF /* Products */,
				FD070A064BB17F036E7A12D7 /* Pods */,
				26B69B77FCBBA56981CB3F74 /* Frameworks */,
			);
			sourceTree = "<group>";
		};
		DD2426DA28390D0F00C160FF /* Products */ = {
			isa = PBXGroup;
			children = (
				DD2426D928390D0F00C160FF /* ming.app */,
			);
			name = Products;
			sourceTree = "<group>";
		};
		DD2426DB28390D0F00C160FF /* ming */ = {
			isa = PBXGroup;
			children = (
				DD24270C2839215900C160FF /* Network */,
				DD2426F028390D2000C160FF /* Global */,
				DD2426F328390D6D00C160FF /* Screen */,
			);
			path = ming;
			sourceTree = "<group>";
		};
		DD2426F028390D2000C160FF /* Global */ = {
			isa = PBXGroup;
			children = (
				DD2426F62839112100C160FF /* Extension */,
				DD2426F228390D5E00C160FF /* Resource */,
				DD2426F128390D4100C160FF /* Support */,
			);
			path = Global;
			sourceTree = "<group>";
		};
		DD2426F128390D4100C160FF /* Support */ = {
			isa = PBXGroup;
			children = (
				DD2426DC28390D0F00C160FF /* AppDelegate.swift */,
				DD2426DE28390D0F00C160FF /* SceneDelegate.swift */,
				DD2426EA28390D1100C160FF /* Info.plist */,
			);
			path = Support;
			sourceTree = "<group>";
		};
		DD2426F228390D5E00C160FF /* Resource */ = {
			isa = PBXGroup;
			children = (
				DD2427072839135E00C160FF /* Color */,
				DD2427062839135300C160FF /* Image */,
			);
			path = Resource;
			sourceTree = "<group>";
		};
		DD2426F328390D6D00C160FF /* Screen */ = {
			isa = PBXGroup;
			children = (
				DD242721283971F900C160FF /* History */,
				23DB279428395E2B0028308F /* Tomorrow */,
				DD24271A2839549B00C160FF /* Base */,
				DD2426F428390DDE00C160FF /* Launch */,
				DD2426F528390DEF00C160FF /* Main */,
			);
			path = Screen;
			sourceTree = "<group>";
		};
		DD2426F428390DDE00C160FF /* Launch */ = {
			isa = PBXGroup;
			children = (
				DD2426E728390D1100C160FF /* LaunchScreen.storyboard */,
			);
			path = Launch;
			sourceTree = "<group>";
		};
		DD2426F528390DEF00C160FF /* Main */ = {
			isa = PBXGroup;
			children = (
				DD2427282839803100C160FF /* View */,
				B5A3FF5128396BCC00252DE0 /* Xib */,
				DD2426E028390D0F00C160FF /* ViewController.swift */,
				DD2426E228390D0F00C160FF /* Main.storyboard */,
			);
			path = Main;
			sourceTree = "<group>";
		};
		DD2426F62839112100C160FF /* Extension */ = {
			isa = PBXGroup;
			children = (
				DD2426F9283911C500C160FF /* Reusable */,
				DD2426F72839117600C160FF /* UIButton+.swift */,
				DD242708283913A000C160FF /* UIView+.swift */,
				DD24270A283913B600C160FF /* UIStackView+.swift */,
				DD24271F28395ADC00C160FF /* UIImage+.swift */,
			);
			path = Extension;
			sourceTree = "<group>";
		};
		DD2426F9283911C500C160FF /* Reusable */ = {
			isa = PBXGroup;
			children = (
				DD2426FC283911E400C160FF /* Reusable.swift */,
				DD2426FA283911D900C160FF /* UITableView+Reusable.swift */,
				DD2426FE283911FE00C160FF /* UICollectionView+Reusable.swift */,
			);
			path = Reusable;
			sourceTree = "<group>";
		};
		DD2427062839135300C160FF /* Image */ = {
			isa = PBXGroup;
			children = (
				DD2427002839127100C160FF /* Image.swift */,
				DD2426E528390D1100C160FF /* Assets.xcassets */,
			);
			path = Image;
			sourceTree = "<group>";
		};
		DD2427072839135E00C160FF /* Color */ = {
			isa = PBXGroup;
			children = (
				DD242702283912F100C160FF /* Color.swift */,
				DD2427042839134F00C160FF /* Color.xcassets */,
			);
			path = Color;
			sourceTree = "<group>";
		};
		DD24270C2839215900C160FF /* Network */ = {
			isa = PBXGroup;
			children = (
				DD2427112839229800C160FF /* Base */,
				DD242712283922A500C160FF /* Service */,
			);
			path = Network;
			sourceTree = "<group>";
		};
		DD2427112839229800C160FF /* Base */ = {
			isa = PBXGroup;
			children = (
				DD24270F2839228C00C160FF /* NetworkResult.swift */,
				DD2427152839230D00C160FF /* URLConstant.swift */,
			);
			path = Base;
			sourceTree = "<group>";
		};
		DD242712283922A500C160FF /* Service */ = {
			isa = PBXGroup;
			children = (
				DD242713283922BC00C160FF /* MingService.swift */,
			);
			path = Service;
			sourceTree = "<group>";
		};
		DD24271A2839549B00C160FF /* Base */ = {
			isa = PBXGroup;
			children = (
				DD24271D28395AC900C160FF /* BaseNavigationController.swift */,
			);
			path = Base;
			sourceTree = "<group>";
		};
		DD242721283971F900C160FF /* History */ = {
			isa = PBXGroup;
			children = (
				DD2427222839720800C160FF /* HistoryViewController.swift */,
				DD24272428397F5D00C160FF /* History.swift */,
				DD24272628397F8100C160FF /* HistoryTableViewCell.swift */,
			);
			path = History;
			sourceTree = "<group>";
		};
		DD2427282839803100C160FF /* View */ = {
			isa = PBXGroup;
			children = (
				DD2427292839807E00C160FF /* SuccessView.swift */,
				DD24272B28398B6800C160FF /* MentionView.swift */,
			);
			path = View;
			sourceTree = "<group>";
		};
		FD070A064BB17F036E7A12D7 /* Pods */ = {
			isa = PBXGroup;
			children = (
				46EF0EF93EFF32ECC69243B1 /* Pods-ming.debug.xcconfig */,
				04954FD6131C501B8EE219BB /* Pods-ming.release.xcconfig */,
			);
			path = Pods;
			sourceTree = "<group>";
		};
/* End PBXGroup section */

/* Begin PBXNativeTarget section */
		DD2426D828390D0F00C160FF /* ming */ = {
			isa = PBXNativeTarget;
			buildConfigurationList = DD2426ED28390D1100C160FF /* Build configuration list for PBXNativeTarget "ming" */;
			buildPhases = (
				29CA37127CA4DC13234E8E3B /* [CP] Check Pods Manifest.lock */,
				DD2426D528390D0F00C160FF /* Sources */,
				DD2426D628390D0F00C160FF /* Frameworks */,
				DD2426D728390D0F00C160FF /* Resources */,
				B38741EC1BD337B007D535B0 /* [CP] Embed Pods Frameworks */,
			);
			buildRules = (
			);
			dependencies = (
			);
			name = ming;
			productName = ming;
			productReference = DD2426D928390D0F00C160FF /* ming.app */;
			productType = "com.apple.product-type.application";
		};
/* End PBXNativeTarget section */

/* Begin PBXProject section */
		DD2426D128390D0F00C160FF /* Project object */ = {
			isa = PBXProject;
			attributes = {
				BuildIndependentTargetsInParallel = 1;
				LastSwiftUpdateCheck = 1310;
				LastUpgradeCheck = 1310;
				TargetAttributes = {
					DD2426D828390D0F00C160FF = {
						CreatedOnToolsVersion = 13.1;
					};
				};
			};
			buildConfigurationList = DD2426D428390D0F00C160FF /* Build configuration list for PBXProject "ming" */;
			compatibilityVersion = "Xcode 13.0";
			developmentRegion = en;
			hasScannedForEncodings = 0;
			knownRegions = (
				en,
				Base,
			);
			mainGroup = DD2426D028390D0F00C160FF;
			productRefGroup = DD2426DA28390D0F00C160FF /* Products */;
			projectDirPath = "";
			projectRoot = "";
			targets = (
				DD2426D828390D0F00C160FF /* ming */,
			);
		};
/* End PBXProject section */

/* Begin PBXResourcesBuildPhase section */
		DD2426D728390D0F00C160FF /* Resources */ = {
			isa = PBXResourcesBuildPhase;
			buildActionMask = 2147483647;
			files = (
				B5A3FF5B2839773800252DE0 /* check.storyboard in Resources */,
				23AB215928398E4F006045D7 /* EmptyTableViewCell.xib in Resources */,
				234B619F28396976001CF528 /* TomorrowTableViewCell.xib in Resources */,
				23DB279628395E450028308F /* Tomorrow.storyboard in Resources */,
				DD2426E928390D1100C160FF /* LaunchScreen.storyboard in Resources */,
				DD2427052839134F00C160FF /* Color.xcassets in Resources */,
				DD2426E628390D1100C160FF /* Assets.xcassets in Resources */,
				DD2426E428390D0F00C160FF /* Main.storyboard in Resources */,
			);
			runOnlyForDeploymentPostprocessing = 0;
		};
/* End PBXResourcesBuildPhase section */

/* Begin PBXShellScriptBuildPhase section */
		29CA37127CA4DC13234E8E3B /* [CP] Check Pods Manifest.lock */ = {
			isa = PBXShellScriptBuildPhase;
			buildActionMask = 2147483647;
			files = (
			);
			inputFileListPaths = (
			);
			inputPaths = (
				"${PODS_PODFILE_DIR_PATH}/Podfile.lock",
				"${PODS_ROOT}/Manifest.lock",
			);
			name = "[CP] Check Pods Manifest.lock";
			outputFileListPaths = (
			);
			outputPaths = (
				"$(DERIVED_FILE_DIR)/Pods-ming-checkManifestLockResult.txt",
			);
			runOnlyForDeploymentPostprocessing = 0;
			shellPath = /bin/sh;
			shellScript = "diff \"${PODS_PODFILE_DIR_PATH}/Podfile.lock\" \"${PODS_ROOT}/Manifest.lock\" > /dev/null\nif [ $? != 0 ] ; then\n    # print error to STDERR\n    echo \"error: The sandbox is not in sync with the Podfile.lock. Run 'pod install' or update your CocoaPods installation.\" >&2\n    exit 1\nfi\n# This output is used by Xcode 'outputs' to avoid re-running this script phase.\necho \"SUCCESS\" > \"${SCRIPT_OUTPUT_FILE_0}\"\n";
			showEnvVarsInLog = 0;
		};
		B38741EC1BD337B007D535B0 /* [CP] Embed Pods Frameworks */ = {
			isa = PBXShellScriptBuildPhase;
			buildActionMask = 2147483647;
			files = (
			);
			inputFileListPaths = (
				"${PODS_ROOT}/Target Support Files/Pods-ming/Pods-ming-frameworks-${CONFIGURATION}-input-files.xcfilelist",
			);
			name = "[CP] Embed Pods Frameworks";
			outputFileListPaths = (
				"${PODS_ROOT}/Target Support Files/Pods-ming/Pods-ming-frameworks-${CONFIGURATION}-output-files.xcfilelist",
			);
			runOnlyForDeploymentPostprocessing = 0;
			shellPath = /bin/sh;
			shellScript = "\"${PODS_ROOT}/Target Support Files/Pods-ming/Pods-ming-frameworks.sh\"\n";
			showEnvVarsInLog = 0;
		};
/* End PBXShellScriptBuildPhase section */

/* Begin PBXSourcesBuildPhase section */
		DD2426D528390D0F00C160FF /* Sources */ = {
			isa = PBXSourcesBuildPhase;
			buildActionMask = 2147483647;
			files = (
				B5A3FF5928396C6A00252DE0 /* CheckView.swift in Sources */,
				DD2426FD283911E400C160FF /* Reusable.swift in Sources */,
				DD242714283922BC00C160FF /* MingService.swift in Sources */,
				234B619E28396976001CF528 /* TomorrowTableViewCell.swift in Sources */,
				234B61A328396C34001CF528 /* TomorrowDataModel.swift in Sources */,
				23DB279828395E510028308F /* TomorrowViewController.swift in Sources */,
				DD2427012839127100C160FF /* Image.swift in Sources */,
				DD24272028395ADC00C160FF /* UIImage+.swift in Sources */,
				DD24272728397F8100C160FF /* HistoryTableViewCell.swift in Sources */,
				DD2427162839230D00C160FF /* URLConstant.swift in Sources */,
				DD2426FB283911D900C160FF /* UITableView+Reusable.swift in Sources */,
				DD2427102839228C00C160FF /* NetworkResult.swift in Sources */,
				DD2426E128390D0F00C160FF /* ViewController.swift in Sources */,
				DD24271E28395AC900C160FF /* BaseNavigationController.swift in Sources */,
				DD242709283913A000C160FF /* UIView+.swift in Sources */,
				DD24272528397F5D00C160FF /* History.swift in Sources */,
				DD24272A2839807E00C160FF /* SuccessView.swift in Sources */,
				DD2426DD28390D0F00C160FF /* AppDelegate.swift in Sources */,
				DD2426DF28390D0F00C160FF /* SceneDelegate.swift in Sources */,
				DD2426FF283911FE00C160FF /* UICollectionView+Reusable.swift in Sources */,
				DD24270B283913B600C160FF /* UIStackView+.swift in Sources */,
				DD2426F82839117600C160FF /* UIButton+.swift in Sources */,
				DD2427232839720800C160FF /* HistoryViewController.swift in Sources */,
				DD24272C28398B6800C160FF /* MentionView.swift in Sources */,
				DD242703283912F100C160FF /* Color.swift in Sources */,
				23AB215828398E4F006045D7 /* EmptyTableViewCell.swift in Sources */,
			);
			runOnlyForDeploymentPostprocessing = 0;
		};
/* End PBXSourcesBuildPhase section */

/* Begin PBXVariantGroup section */
		DD2426E228390D0F00C160FF /* Main.storyboard */ = {
			isa = PBXVariantGroup;
			children = (
				DD2426E328390D0F00C160FF /* Base */,
			);
			name = Main.storyboard;
			sourceTree = "<group>";
		};
		DD2426E728390D1100C160FF /* LaunchScreen.storyboard */ = {
			isa = PBXVariantGroup;
			children = (
				DD2426E828390D1100C160FF /* Base */,
			);
			name = LaunchScreen.storyboard;
			sourceTree = "<group>";
		};
/* End PBXVariantGroup section */

/* Begin XCBuildConfiguration section */
		DD2426EB28390D1100C160FF /* Debug */ = {
			isa = XCBuildConfiguration;
			buildSettings = {
				ALWAYS_SEARCH_USER_PATHS = NO;
				CLANG_ANALYZER_NONNULL = YES;
				CLANG_ANALYZER_NUMBER_OBJECT_CONVERSION = YES_AGGRESSIVE;
				CLANG_CXX_LANGUAGE_STANDARD = "gnu++17";
				CLANG_CXX_LIBRARY = "libc++";
				CLANG_ENABLE_MODULES = YES;
				CLANG_ENABLE_OBJC_ARC = YES;
				CLANG_ENABLE_OBJC_WEAK = YES;
				CLANG_WARN_BLOCK_CAPTURE_AUTORELEASING = YES;
				CLANG_WARN_BOOL_CONVERSION = YES;
				CLANG_WARN_COMMA = YES;
				CLANG_WARN_CONSTANT_CONVERSION = YES;
				CLANG_WARN_DEPRECATED_OBJC_IMPLEMENTATIONS = YES;
				CLANG_WARN_DIRECT_OBJC_ISA_USAGE = YES_ERROR;
				CLANG_WARN_DOCUMENTATION_COMMENTS = YES;
				CLANG_WARN_EMPTY_BODY = YES;
				CLANG_WARN_ENUM_CONVERSION = YES;
				CLANG_WARN_INFINITE_RECURSION = YES;
				CLANG_WARN_INT_CONVERSION = YES;
				CLANG_WARN_NON_LITERAL_NULL_CONVERSION = YES;
				CLANG_WARN_OBJC_IMPLICIT_RETAIN_SELF = YES;
				CLANG_WARN_OBJC_LITERAL_CONVERSION = YES;
				CLANG_WARN_OBJC_ROOT_CLASS = YES_ERROR;
				CLANG_WARN_QUOTED_INCLUDE_IN_FRAMEWORK_HEADER = YES;
				CLANG_WARN_RANGE_LOOP_ANALYSIS = YES;
				CLANG_WARN_STRICT_PROTOTYPES = YES;
				CLANG_WARN_SUSPICIOUS_MOVE = YES;
				CLANG_WARN_UNGUARDED_AVAILABILITY = YES_AGGRESSIVE;
				CLANG_WARN_UNREACHABLE_CODE = YES;
				CLANG_WARN__DUPLICATE_METHOD_MATCH = YES;
				COPY_PHASE_STRIP = NO;
				DEBUG_INFORMATION_FORMAT = dwarf;
				ENABLE_STRICT_OBJC_MSGSEND = YES;
				ENABLE_TESTABILITY = YES;
				GCC_C_LANGUAGE_STANDARD = gnu11;
				GCC_DYNAMIC_NO_PIC = NO;
				GCC_NO_COMMON_BLOCKS = YES;
				GCC_OPTIMIZATION_LEVEL = 0;
				GCC_PREPROCESSOR_DEFINITIONS = (
					"DEBUG=1",
					"$(inherited)",
				);
				GCC_WARN_64_TO_32_BIT_CONVERSION = YES;
				GCC_WARN_ABOUT_RETURN_TYPE = YES_ERROR;
				GCC_WARN_UNDECLARED_SELECTOR = YES;
				GCC_WARN_UNINITIALIZED_AUTOS = YES_AGGRESSIVE;
				GCC_WARN_UNUSED_FUNCTION = YES;
				GCC_WARN_UNUSED_VARIABLE = YES;
				IPHONEOS_DEPLOYMENT_TARGET = 15.0;
				MTL_ENABLE_DEBUG_INFO = INCLUDE_SOURCE;
				MTL_FAST_MATH = YES;
				ONLY_ACTIVE_ARCH = YES;
				SDKROOT = iphoneos;
				SWIFT_ACTIVE_COMPILATION_CONDITIONS = DEBUG;
				SWIFT_OPTIMIZATION_LEVEL = "-Onone";
			};
			name = Debug;
		};
		DD2426EC28390D1100C160FF /* Release */ = {
			isa = XCBuildConfiguration;
			buildSettings = {
				ALWAYS_SEARCH_USER_PATHS = NO;
				CLANG_ANALYZER_NONNULL = YES;
				CLANG_ANALYZER_NUMBER_OBJECT_CONVERSION = YES_AGGRESSIVE;
				CLANG_CXX_LANGUAGE_STANDARD = "gnu++17";
				CLANG_CXX_LIBRARY = "libc++";
				CLANG_ENABLE_MODULES = YES;
				CLANG_ENABLE_OBJC_ARC = YES;
				CLANG_ENABLE_OBJC_WEAK = YES;
				CLANG_WARN_BLOCK_CAPTURE_AUTORELEASING = YES;
				CLANG_WARN_BOOL_CONVERSION = YES;
				CLANG_WARN_COMMA = YES;
				CLANG_WARN_CONSTANT_CONVERSION = YES;
				CLANG_WARN_DEPRECATED_OBJC_IMPLEMENTATIONS = YES;
				CLANG_WARN_DIRECT_OBJC_ISA_USAGE = YES_ERROR;
				CLANG_WARN_DOCUMENTATION_COMMENTS = YES;
				CLANG_WARN_EMPTY_BODY = YES;
				CLANG_WARN_ENUM_CONVERSION = YES;
				CLANG_WARN_INFINITE_RECURSION = YES;
				CLANG_WARN_INT_CONVERSION = YES;
				CLANG_WARN_NON_LITERAL_NULL_CONVERSION = YES;
				CLANG_WARN_OBJC_IMPLICIT_RETAIN_SELF = YES;
				CLANG_WARN_OBJC_LITERAL_CONVERSION = YES;
				CLANG_WARN_OBJC_ROOT_CLASS = YES_ERROR;
				CLANG_WARN_QUOTED_INCLUDE_IN_FRAMEWORK_HEADER = YES;
				CLANG_WARN_RANGE_LOOP_ANALYSIS = YES;
				CLANG_WARN_STRICT_PROTOTYPES = YES;
				CLANG_WARN_SUSPICIOUS_MOVE = YES;
				CLANG_WARN_UNGUARDED_AVAILABILITY = YES_AGGRESSIVE;
				CLANG_WARN_UNREACHABLE_CODE = YES;
				CLANG_WARN__DUPLICATE_METHOD_MATCH = YES;
				COPY_PHASE_STRIP = NO;
				DEBUG_INFORMATION_FORMAT = "dwarf-with-dsym";
				ENABLE_NS_ASSERTIONS = NO;
				ENABLE_STRICT_OBJC_MSGSEND = YES;
				GCC_C_LANGUAGE_STANDARD = gnu11;
				GCC_NO_COMMON_BLOCKS = YES;
				GCC_WARN_64_TO_32_BIT_CONVERSION = YES;
				GCC_WARN_ABOUT_RETURN_TYPE = YES_ERROR;
				GCC_WARN_UNDECLARED_SELECTOR = YES;
				GCC_WARN_UNINITIALIZED_AUTOS = YES_AGGRESSIVE;
				GCC_WARN_UNUSED_FUNCTION = YES;
				GCC_WARN_UNUSED_VARIABLE = YES;
				IPHONEOS_DEPLOYMENT_TARGET = 15.0;
				MTL_ENABLE_DEBUG_INFO = NO;
				MTL_FAST_MATH = YES;
				SDKROOT = iphoneos;
				SWIFT_COMPILATION_MODE = wholemodule;
				SWIFT_OPTIMIZATION_LEVEL = "-O";
				VALIDATE_PRODUCT = YES;
			};
			name = Release;
		};
		DD2426EE28390D1100C160FF /* Debug */ = {
			isa = XCBuildConfiguration;
			baseConfigurationReference = 46EF0EF93EFF32ECC69243B1 /* Pods-ming.debug.xcconfig */;
			buildSettings = {
				ASSETCATALOG_COMPILER_APPICON_NAME = AppIcon;
				ASSETCATALOG_COMPILER_GLOBAL_ACCENT_COLOR_NAME = AccentColor;
				CODE_SIGN_STYLE = Automatic;
				CURRENT_PROJECT_VERSION = 1;
				GENERATE_INFOPLIST_FILE = YES;
				INFOPLIST_FILE = ming/Global/Support/Info.plist;
				INFOPLIST_KEY_UIApplicationSupportsIndirectInputEvents = YES;
				INFOPLIST_KEY_UILaunchStoryboardName = LaunchScreen;
				INFOPLIST_KEY_UIMainStoryboardFile = Main;
				INFOPLIST_KEY_UISupportedInterfaceOrientations_iPad = "UIInterfaceOrientationPortrait UIInterfaceOrientationPortraitUpsideDown UIInterfaceOrientationLandscapeLeft UIInterfaceOrientationLandscapeRight";
				INFOPLIST_KEY_UISupportedInterfaceOrientations_iPhone = "UIInterfaceOrientationPortrait UIInterfaceOrientationLandscapeLeft UIInterfaceOrientationLandscapeRight";
				LD_RUNPATH_SEARCH_PATHS = (
					"$(inherited)",
					"@executable_path/Frameworks",
				);
				MARKETING_VERSION = 1.0;
				PRODUCT_BUNDLE_IDENTIFIER = com.bonjour.ming;
				PRODUCT_NAME = "$(TARGET_NAME)";
				SWIFT_EMIT_LOC_STRINGS = YES;
				SWIFT_VERSION = 5.0;
				TARGETED_DEVICE_FAMILY = 1;
			};
			name = Debug;
		};
		DD2426EF28390D1100C160FF /* Release */ = {
			isa = XCBuildConfiguration;
			baseConfigurationReference = 04954FD6131C501B8EE219BB /* Pods-ming.release.xcconfig */;
			buildSettings = {
				ASSETCATALOG_COMPILER_APPICON_NAME = AppIcon;
				ASSETCATALOG_COMPILER_GLOBAL_ACCENT_COLOR_NAME = AccentColor;
				CODE_SIGN_STYLE = Automatic;
				CURRENT_PROJECT_VERSION = 1;
				GENERATE_INFOPLIST_FILE = YES;
				INFOPLIST_FILE = ming/Global/Support/Info.plist;
				INFOPLIST_KEY_UIApplicationSupportsIndirectInputEvents = YES;
				INFOPLIST_KEY_UILaunchStoryboardName = LaunchScreen;
				INFOPLIST_KEY_UIMainStoryboardFile = Main;
				INFOPLIST_KEY_UISupportedInterfaceOrientations_iPad = "UIInterfaceOrientationPortrait UIInterfaceOrientationPortraitUpsideDown UIInterfaceOrientationLandscapeLeft UIInterfaceOrientationLandscapeRight";
				INFOPLIST_KEY_UISupportedInterfaceOrientations_iPhone = "UIInterfaceOrientationPortrait UIInterfaceOrientationLandscapeLeft UIInterfaceOrientationLandscapeRight";
				LD_RUNPATH_SEARCH_PATHS = (
					"$(inherited)",
					"@executable_path/Frameworks",
				);
				MARKETING_VERSION = 1.0;
				PRODUCT_BUNDLE_IDENTIFIER = com.bonjour.ming;
				PRODUCT_NAME = "$(TARGET_NAME)";
				SWIFT_EMIT_LOC_STRINGS = YES;
				SWIFT_VERSION = 5.0;
				TARGETED_DEVICE_FAMILY = 1;
			};
			name = Release;
		};
/* End XCBuildConfiguration section */

/* Begin XCConfigurationList section */
		DD2426D428390D0F00C160FF /* Build configuration list for PBXProject "ming" */ = {
			isa = XCConfigurationList;
			buildConfigurations = (
				DD2426EB28390D1100C160FF /* Debug */,
				DD2426EC28390D1100C160FF /* Release */,
			);
			defaultConfigurationIsVisible = 0;
			defaultConfigurationName = Release;
		};
		DD2426ED28390D1100C160FF /* Build configuration list for PBXNativeTarget "ming" */ = {
			isa = XCConfigurationList;
			buildConfigurations = (
				DD2426EE28390D1100C160FF /* Debug */,
				DD2426EF28390D1100C160FF /* Release */,
			);
			defaultConfigurationIsVisible = 0;
			defaultConfigurationName = Release;
		};
/* End XCConfigurationList section */
	};
	rootObject = DD2426D128390D0F00C160FF /* Project object */;
}
